// !$*UTF8*$!
{
	archiveVersion = 1;
	classes = {
	};
	objectVersion = 50;
	objects = {

/* Begin PBXBuildFile section */
		7F361B19216B20F80052186F /* LearningToolBar.swift in Sources */ = {isa = PBXBuildFile; fileRef = 7F361B18216B20F80052186F /* LearningToolBar.swift */; };
		7F361B1B216B21620052186F /* LearningToolBar.xib in Resources */ = {isa = PBXBuildFile; fileRef = 7F361B1A216B21620052186F /* LearningToolBar.xib */; };
		7F3C8E2721684A0C001BE061 /* README.md in Resources */ = {isa = PBXBuildFile; fileRef = 7F3C8E2621684A0C001BE061 /* README.md */; };
		7F3C8E2E21684E4C001BE061 /* RootViewController.swift in Sources */ = {isa = PBXBuildFile; fileRef = 7F3C8E2D21684E4C001BE061 /* RootViewController.swift */; };
		7F3C8E3021684E71001BE061 /* LearningViewController.swift in Sources */ = {isa = PBXBuildFile; fileRef = 7F3C8E2F21684E71001BE061 /* LearningViewController.swift */; };
		7F3C8E3221684E84001BE061 /* PredictingViewController.swift in Sources */ = {isa = PBXBuildFile; fileRef = 7F3C8E3121684E84001BE061 /* PredictingViewController.swift */; };
		7F3C8E3421687533001BE061 /* LearningViewModel.swift in Sources */ = {isa = PBXBuildFile; fileRef = 7F3C8E3321687533001BE061 /* LearningViewModel.swift */; };
		7F3C8E3621687545001BE061 /* PredictingViewModel.swift in Sources */ = {isa = PBXBuildFile; fileRef = 7F3C8E3521687545001BE061 /* PredictingViewModel.swift */; };
		7F3F32AF216A323B00983B59 /* Storage.swift in Sources */ = {isa = PBXBuildFile; fileRef = 7F3F32AE216A323B00983B59 /* Storage.swift */; };
		7F3F32B1216A6B0900983B59 /* layers.xml in Resources */ = {isa = PBXBuildFile; fileRef = 7F3F32B0216A6B0900983B59 /* layers.xml */; };
		7F42817C216CCCF900BD5BA3 /* UIImage+Save.swift in Sources */ = {isa = PBXBuildFile; fileRef = 7F42817B216CCCF900BD5BA3 /* UIImage+Save.swift */; };
		7F42817E216D096900BD5BA3 /* Log.swift in Sources */ = {isa = PBXBuildFile; fileRef = 7F42817D216D096900BD5BA3 /* Log.swift */; };
		7F4CEEF02166633800A3DDD8 /* Constants.swift in Sources */ = {isa = PBXBuildFile; fileRef = 7F4CEEEF2166633800A3DDD8 /* Constants.swift */; };
		7F4FBAC221658F2A00F509DE /* AppDelegate.swift in Sources */ = {isa = PBXBuildFile; fileRef = 7F4FBAC121658F2A00F509DE /* AppDelegate.swift */; };
		7F4FBAC721658F2A00F509DE /* Main.storyboard in Resources */ = {isa = PBXBuildFile; fileRef = 7F4FBAC521658F2A00F509DE /* Main.storyboard */; };
		7F4FBAC921658F2C00F509DE /* Assets.xcassets in Resources */ = {isa = PBXBuildFile; fileRef = 7F4FBAC821658F2C00F509DE /* Assets.xcassets */; };
		7F4FBACC21658F2C00F509DE /* LaunchScreen.storyboard in Resources */ = {isa = PBXBuildFile; fileRef = 7F4FBACA21658F2C00F509DE /* LaunchScreen.storyboard */; };
		7F4FBAE821658FEB00F509DE /* DrawView.swift in Sources */ = {isa = PBXBuildFile; fileRef = 7F4FBAD421658FEB00F509DE /* DrawView.swift */; };
		7F4FBAEA21658FEB00F509DE /* Extension.swift in Sources */ = {isa = PBXBuildFile; fileRef = 7F4FBAD721658FEB00F509DE /* Extension.swift */; };
		7F4FBAEB21658FEB00F509DE /* ImageProcessor.swift in Sources */ = {isa = PBXBuildFile; fileRef = 7F4FBAD821658FEB00F509DE /* ImageProcessor.swift */; };
		7F4FBAEC21658FEB00F509DE /* correct.wav in Resources */ = {isa = PBXBuildFile; fileRef = 7F4FBADA21658FEB00F509DE /* correct.wav */; };
		7F4FBAF021658FEB00F509DE /* wrong.wav in Resources */ = {isa = PBXBuildFile; fileRef = 7F4FBADE21658FEB00F509DE /* wrong.wav */; };
		7F4FBAF221658FEB00F509DE /* ActivationFunction.swift in Sources */ = {isa = PBXBuildFile; fileRef = 7F4FBAE221658FEB00F509DE /* ActivationFunction.swift */; };
		7F4FBAF421658FEB00F509DE /* Layer.swift in Sources */ = {isa = PBXBuildFile; fileRef = 7F4FBAE621658FEB00F509DE /* Layer.swift */; };
		7F4FBAF521658FEB00F509DE /* NeuralNetwork.swift in Sources */ = {isa = PBXBuildFile; fileRef = 7F4FBAE721658FEB00F509DE /* NeuralNetwork.swift */; };
		7F51C2C52174A5C100DC51EA /* CleverBoardTests.swift in Sources */ = {isa = PBXBuildFile; fileRef = 7F51C2C42174A5C100DC51EA /* CleverBoardTests.swift */; };
		7F51C2CD2174A94D00DC51EA /* TestPredicting.swift in Sources */ = {isa = PBXBuildFile; fileRef = 7F51C2CC2174A94D00DC51EA /* TestPredicting.swift */; };
		7F708847216DC2470067ABED /* Matrix.swift in Sources */ = {isa = PBXBuildFile; fileRef = 7F708844216DC2470067ABED /* Matrix.swift */; };
		7F708848216DC2470067ABED /* Network.swift in Sources */ = {isa = PBXBuildFile; fileRef = 7F708845216DC2470067ABED /* Network.swift */; };
		7F708849216DC2470067ABED /* Double+Additions.swift in Sources */ = {isa = PBXBuildFile; fileRef = 7F708846216DC2470067ABED /* Double+Additions.swift */; };
		7F83F00F2169C09000C03329 /* ModelWorker.swift in Sources */ = {isa = PBXBuildFile; fileRef = 7F83F00E2169C09000C03329 /* ModelWorker.swift */; };
		E0D4E47E56C38218EE8878DB /* Pods_CleverBoard.framework in Frameworks */ = {isa = PBXBuildFile; fileRef = 0032BDE4C3C87D923067B83F /* Pods_CleverBoard.framework */; };
/* End PBXBuildFile section */

/* Begin PBXContainerItemProxy section */
		7F51C2C72174A5C100DC51EA /* PBXContainerItemProxy */ = {
			isa = PBXContainerItemProxy;
			containerPortal = 7F4FBAB621658F2900F509DE /* Project object */;
			proxyType = 1;
			remoteGlobalIDString = 7F4FBABD21658F2900F509DE;
			remoteInfo = CleverBoard;
		};
/* End PBXContainerItemProxy section */

/* Begin PBXFileReference section */
		0032BDE4C3C87D923067B83F /* Pods_CleverBoard.framework */ = {isa = PBXFileReference; explicitFileType = wrapper.framework; includeInIndex = 0; path = Pods_CleverBoard.framework; sourceTree = BUILT_PRODUCTS_DIR; };
		0E27459DE002765ABA2B0272 /* Pods-CleverBoard.release.xcconfig */ = {isa = PBXFileReference; includeInIndex = 1; lastKnownFileType = text.xcconfig; name = "Pods-CleverBoard.release.xcconfig"; path = "Pods/Target Support Files/Pods-CleverBoard/Pods-CleverBoard.release.xcconfig"; sourceTree = "<group>"; };
		122C046E1F76CE167C3E33C8 /* Pods-EmojiIntelligence.release.xcconfig */ = {isa = PBXFileReference; includeInIndex = 1; lastKnownFileType = text.xcconfig; name = "Pods-EmojiIntelligence.release.xcconfig"; path = "Pods/Target Support Files/Pods-EmojiIntelligence/Pods-EmojiIntelligence.release.xcconfig"; sourceTree = "<group>"; };
		2B416624A650B83C1C75D4C4 /* Pods-EmojiIntelligence.debug.xcconfig */ = {isa = PBXFileReference; includeInIndex = 1; lastKnownFileType = text.xcconfig; name = "Pods-EmojiIntelligence.debug.xcconfig"; path = "Pods/Target Support Files/Pods-EmojiIntelligence/Pods-EmojiIntelligence.debug.xcconfig"; sourceTree = "<group>"; };
		3C8875E631475D83D5D20EC1 /* Pods-EmojiRecognizer.debug.xcconfig */ = {isa = PBXFileReference; includeInIndex = 1; lastKnownFileType = text.xcconfig; name = "Pods-EmojiRecognizer.debug.xcconfig"; path = "Pods/Target Support Files/Pods-EmojiRecognizer/Pods-EmojiRecognizer.debug.xcconfig"; sourceTree = "<group>"; };
		65D96D506FA0A029733679C3 /* Pods_EmojiIntelligence.framework */ = {isa = PBXFileReference; explicitFileType = wrapper.framework; includeInIndex = 0; path = Pods_EmojiIntelligence.framework; sourceTree = BUILT_PRODUCTS_DIR; };
		7968945BF3D28D0FC02653E8 /* Pods-EmojiRecognizer.release.xcconfig */ = {isa = PBXFileReference; includeInIndex = 1; lastKnownFileType = text.xcconfig; name = "Pods-EmojiRecognizer.release.xcconfig"; path = "Pods/Target Support Files/Pods-EmojiRecognizer/Pods-EmojiRecognizer.release.xcconfig"; sourceTree = "<group>"; };
		7F361B18216B20F80052186F /* LearningToolBar.swift */ = {isa = PBXFileReference; lastKnownFileType = sourcecode.swift; path = LearningToolBar.swift; sourceTree = "<group>"; };
		7F361B1A216B21620052186F /* LearningToolBar.xib */ = {isa = PBXFileReference; lastKnownFileType = file.xib; path = LearningToolBar.xib; sourceTree = "<group>"; };
		7F3C8E2621684A0C001BE061 /* README.md */ = {isa = PBXFileReference; fileEncoding = 4; lastKnownFileType = net.daringfireball.markdown; name = README.md; path = ../../README.md; sourceTree = "<group>"; };
		7F3C8E2D21684E4C001BE061 /* RootViewController.swift */ = {isa = PBXFileReference; lastKnownFileType = sourcecode.swift; path = RootViewController.swift; sourceTree = "<group>"; };
		7F3C8E2F21684E71001BE061 /* LearningViewController.swift */ = {isa = PBXFileReference; lastKnownFileType = sourcecode.swift; path = LearningViewController.swift; sourceTree = "<group>"; };
		7F3C8E3121684E84001BE061 /* PredictingViewController.swift */ = {isa = PBXFileReference; lastKnownFileType = sourcecode.swift; path = PredictingViewController.swift; sourceTree = "<group>"; };
		7F3C8E3321687533001BE061 /* LearningViewModel.swift */ = {isa = PBXFileReference; lastKnownFileType = sourcecode.swift; path = LearningViewModel.swift; sourceTree = "<group>"; };
		7F3C8E3521687545001BE061 /* PredictingViewModel.swift */ = {isa = PBXFileReference; lastKnownFileType = sourcecode.swift; path = PredictingViewModel.swift; sourceTree = "<group>"; };
		7F3F32AE216A323B00983B59 /* Storage.swift */ = {isa = PBXFileReference; lastKnownFileType = sourcecode.swift; path = Storage.swift; sourceTree = "<group>"; };
		7F3F32B0216A6B0900983B59 /* layers.xml */ = {isa = PBXFileReference; fileEncoding = 4; lastKnownFileType = text.xml; path = layers.xml; sourceTree = "<group>"; };
		7F42817B216CCCF900BD5BA3 /* UIImage+Save.swift */ = {isa = PBXFileReference; fileEncoding = 4; lastKnownFileType = sourcecode.swift; path = "UIImage+Save.swift"; sourceTree = "<group>"; };
		7F42817D216D096900BD5BA3 /* Log.swift */ = {isa = PBXFileReference; fileEncoding = 4; lastKnownFileType = sourcecode.swift; path = Log.swift; sourceTree = "<group>"; };
		7F4CEEEF2166633800A3DDD8 /* Constants.swift */ = {isa = PBXFileReference; lastKnownFileType = sourcecode.swift; path = Constants.swift; sourceTree = "<group>"; };
		7F4FBABE21658F2900F509DE /* CleverBoard.app */ = {isa = PBXFileReference; explicitFileType = wrapper.application; includeInIndex = 0; path = CleverBoard.app; sourceTree = BUILT_PRODUCTS_DIR; };
		7F4FBAC121658F2A00F509DE /* AppDelegate.swift */ = {isa = PBXFileReference; lastKnownFileType = sourcecode.swift; path = AppDelegate.swift; sourceTree = "<group>"; };
		7F4FBAC621658F2A00F509DE /* Base */ = {isa = PBXFileReference; lastKnownFileType = file.storyboard; name = Base; path = Base.lproj/Main.storyboard; sourceTree = "<group>"; };
		7F4FBAC821658F2C00F509DE /* Assets.xcassets */ = {isa = PBXFileReference; lastKnownFileType = folder.assetcatalog; path = Assets.xcassets; sourceTree = "<group>"; };
		7F4FBACB21658F2C00F509DE /* Base */ = {isa = PBXFileReference; lastKnownFileType = file.storyboard; name = Base; path = Base.lproj/LaunchScreen.storyboard; sourceTree = "<group>"; };
		7F4FBACD21658F2C00F509DE /* Info.plist */ = {isa = PBXFileReference; lastKnownFileType = text.plist.xml; path = Info.plist; sourceTree = "<group>"; };
		7F4FBAD421658FEB00F509DE /* DrawView.swift */ = {isa = PBXFileReference; fileEncoding = 4; lastKnownFileType = sourcecode.swift; path = DrawView.swift; sourceTree = "<group>"; };
		7F4FBAD721658FEB00F509DE /* Extension.swift */ = {isa = PBXFileReference; fileEncoding = 4; lastKnownFileType = sourcecode.swift; path = Extension.swift; sourceTree = "<group>"; };
		7F4FBAD821658FEB00F509DE /* ImageProcessor.swift */ = {isa = PBXFileReference; fileEncoding = 4; lastKnownFileType = sourcecode.swift; path = ImageProcessor.swift; sourceTree = "<group>"; };
		7F4FBADA21658FEB00F509DE /* correct.wav */ = {isa = PBXFileReference; lastKnownFileType = audio.wav; path = correct.wav; sourceTree = "<group>"; };
		7F4FBADE21658FEB00F509DE /* wrong.wav */ = {isa = PBXFileReference; lastKnownFileType = audio.wav; path = wrong.wav; sourceTree = "<group>"; };
		7F4FBAE221658FEB00F509DE /* ActivationFunction.swift */ = {isa = PBXFileReference; fileEncoding = 4; lastKnownFileType = sourcecode.swift; path = ActivationFunction.swift; sourceTree = "<group>"; };
		7F4FBAE621658FEB00F509DE /* Layer.swift */ = {isa = PBXFileReference; fileEncoding = 4; lastKnownFileType = sourcecode.swift; path = Layer.swift; sourceTree = "<group>"; };
		7F4FBAE721658FEB00F509DE /* NeuralNetwork.swift */ = {isa = PBXFileReference; fileEncoding = 4; lastKnownFileType = sourcecode.swift; path = NeuralNetwork.swift; sourceTree = "<group>"; };
		7F51C2C22174A5C100DC51EA /* CleverBoardTests.xctest */ = {isa = PBXFileReference; explicitFileType = wrapper.cfbundle; includeInIndex = 0; path = CleverBoardTests.xctest; sourceTree = BUILT_PRODUCTS_DIR; };
		7F51C2C42174A5C100DC51EA /* CleverBoardTests.swift */ = {isa = PBXFileReference; lastKnownFileType = sourcecode.swift; path = CleverBoardTests.swift; sourceTree = "<group>"; };
		7F51C2C62174A5C100DC51EA /* Info.plist */ = {isa = PBXFileReference; lastKnownFileType = text.plist.xml; path = Info.plist; sourceTree = "<group>"; };
		7F51C2CC2174A94D00DC51EA /* TestPredicting.swift */ = {isa = PBXFileReference; lastKnownFileType = sourcecode.swift; path = TestPredicting.swift; sourceTree = "<group>"; };
		7F708844216DC2470067ABED /* Matrix.swift */ = {isa = PBXFileReference; fileEncoding = 4; lastKnownFileType = sourcecode.swift; path = Matrix.swift; sourceTree = "<group>"; };
		7F708845216DC2470067ABED /* Network.swift */ = {isa = PBXFileReference; fileEncoding = 4; lastKnownFileType = sourcecode.swift; path = Network.swift; sourceTree = "<group>"; };
		7F708846216DC2470067ABED /* Double+Additions.swift */ = {isa = PBXFileReference; fileEncoding = 4; lastKnownFileType = sourcecode.swift; path = "Double+Additions.swift"; sourceTree = "<group>"; };
		7F83F00E2169C09000C03329 /* ModelWorker.swift */ = {isa = PBXFileReference; lastKnownFileType = sourcecode.swift; path = ModelWorker.swift; sourceTree = "<group>"; };
		976399412020967229651B29 /* Pods-CleverBoard.debug.xcconfig */ = {isa = PBXFileReference; includeInIndex = 1; lastKnownFileType = text.xcconfig; name = "Pods-CleverBoard.debug.xcconfig"; path = "Pods/Target Support Files/Pods-CleverBoard/Pods-CleverBoard.debug.xcconfig"; sourceTree = "<group>"; };
		F0FE1BD72FFB5E3CBF22A59C /* Pods_EmojiRecognizer.framework */ = {isa = PBXFileReference; explicitFileType = wrapper.framework; includeInIndex = 0; path = Pods_EmojiRecognizer.framework; sourceTree = BUILT_PRODUCTS_DIR; };
/* End PBXFileReference section */

/* Begin PBXFrameworksBuildPhase section */
		7F4FBABB21658F2900F509DE /* Frameworks */ = {
			isa = PBXFrameworksBuildPhase;
			buildActionMask = 2147483647;
			files = (
				E0D4E47E56C38218EE8878DB /* Pods_CleverBoard.framework in Frameworks */,
			);
			runOnlyForDeploymentPostprocessing = 0;
		};
		7F51C2BF2174A5C100DC51EA /* Frameworks */ = {
			isa = PBXFrameworksBuildPhase;
			buildActionMask = 2147483647;
			files = (
			);
			runOnlyForDeploymentPostprocessing = 0;
		};
/* End PBXFrameworksBuildPhase section */

/* Begin PBXGroup section */
		62B7FFCE3DC2477DD07C86BB /* Frameworks */ = {
			isa = PBXGroup;
			children = (
				65D96D506FA0A029733679C3 /* Pods_EmojiIntelligence.framework */,
				F0FE1BD72FFB5E3CBF22A59C /* Pods_EmojiRecognizer.framework */,
				0032BDE4C3C87D923067B83F /* Pods_CleverBoard.framework */,
			);
			name = Frameworks;
			sourceTree = "<group>";
		};
		7292E83B4ABCCC6F69BB8AB2 /* Pods */ = {
			isa = PBXGroup;
			children = (
				2B416624A650B83C1C75D4C4 /* Pods-EmojiIntelligence.debug.xcconfig */,
				122C046E1F76CE167C3E33C8 /* Pods-EmojiIntelligence.release.xcconfig */,
				3C8875E631475D83D5D20EC1 /* Pods-EmojiRecognizer.debug.xcconfig */,
				7968945BF3D28D0FC02653E8 /* Pods-EmojiRecognizer.release.xcconfig */,
				976399412020967229651B29 /* Pods-CleverBoard.debug.xcconfig */,
				0E27459DE002765ABA2B0272 /* Pods-CleverBoard.release.xcconfig */,
			);
			name = Pods;
			sourceTree = "<group>";
		};
		7F3C8E2A21684DB4001BE061 /* Root Scene */ = {
			isa = PBXGroup;
			children = (
				7F3C8E2D21684E4C001BE061 /* RootViewController.swift */,
			);
			path = "Root Scene";
			sourceTree = "<group>";
		};
		7F3C8E2B21684DC0001BE061 /* Learning Scene */ = {
			isa = PBXGroup;
			children = (
				7F3C8E2F21684E71001BE061 /* LearningViewController.swift */,
				7F3C8E3321687533001BE061 /* LearningViewModel.swift */,
				7F3EE4CB216B9C9F00D7E0CA /* LearningToolBar */,
			);
			path = "Learning Scene";
			sourceTree = "<group>";
		};
		7F3C8E2C21684DD7001BE061 /* Predicting Scene */ = {
			isa = PBXGroup;
			children = (
				7F3C8E3121684E84001BE061 /* PredictingViewController.swift */,
				7F3C8E3521687545001BE061 /* PredictingViewModel.swift */,
			);
			path = "Predicting Scene";
			sourceTree = "<group>";
		};
		7F3EE4CB216B9C9F00D7E0CA /* LearningToolBar */ = {
			isa = PBXGroup;
			children = (
				7F361B18216B20F80052186F /* LearningToolBar.swift */,
				7F361B1A216B21620052186F /* LearningToolBar.xib */,
			);
			path = LearningToolBar;
			sourceTree = "<group>";
		};
		7F4FBAB521658F2900F509DE = {
			isa = PBXGroup;
			children = (
				7F4FBAC021658F2900F509DE /* CleverBoard */,
				7F51C2C32174A5C100DC51EA /* CleverBoardTests */,
				7F4FBABF21658F2900F509DE /* Products */,
				7292E83B4ABCCC6F69BB8AB2 /* Pods */,
				62B7FFCE3DC2477DD07C86BB /* Frameworks */,
			);
			sourceTree = "<group>";
		};
		7F4FBABF21658F2900F509DE /* Products */ = {
			isa = PBXGroup;
			children = (
				7F4FBABE21658F2900F509DE /* CleverBoard.app */,
				7F51C2C22174A5C100DC51EA /* CleverBoardTests.xctest */,
			);
			name = Products;
			sourceTree = "<group>";
		};
		7F4FBAC021658F2900F509DE /* CleverBoard */ = {
			isa = PBXGroup;
			children = (
				7F4FBAD521658FEB00F509DE /* Helper */,
				7F4FBAE521658FEB00F509DE /* Neural Network */,
				7F4FBAD321658FEB00F509DE /* CustomViews */,
				7F83F00D2169C07300C03329 /* Model */,
				7F4FBAE321658FEB00F509DE /* Scenes */,
				7F4FBAD921658FEB00F509DE /* Resources */,
				7F4FBAC121658F2A00F509DE /* AppDelegate.swift */,
				7F4CEEEF2166633800A3DDD8 /* Constants.swift */,
				7F4FBACD21658F2C00F509DE /* Info.plist */,
				7F3C8E2621684A0C001BE061 /* README.md */,
			);
			path = CleverBoard;
			sourceTree = "<group>";
		};
		7F4FBAD321658FEB00F509DE /* CustomViews */ = {
			isa = PBXGroup;
			children = (
				7F4FBAD421658FEB00F509DE /* DrawView.swift */,
			);
			path = CustomViews;
			sourceTree = "<group>";
		};
		7F4FBAD521658FEB00F509DE /* Helper */ = {
			isa = PBXGroup;
			children = (
				7F4FBAD721658FEB00F509DE /* Extension.swift */,
				7F42817D216D096900BD5BA3 /* Log.swift */,
				7F708846216DC2470067ABED /* Double+Additions.swift */,
				7F42817B216CCCF900BD5BA3 /* UIImage+Save.swift */,
				7F4FBAD821658FEB00F509DE /* ImageProcessor.swift */,
				7F708844216DC2470067ABED /* Matrix.swift */,
			);
			path = Helper;
			sourceTree = "<group>";
		};
		7F4FBAD921658FEB00F509DE /* Resources */ = {
			isa = PBXGroup;
			children = (
				7F4FBAC521658F2A00F509DE /* Main.storyboard */,
				7F4FBACA21658F2C00F509DE /* LaunchScreen.storyboard */,
				7F4FBAC821658F2C00F509DE /* Assets.xcassets */,
				7F4FBADA21658FEB00F509DE /* correct.wav */,
				7F4FBADE21658FEB00F509DE /* wrong.wav */,
			);
			path = Resources;
			sourceTree = "<group>";
		};
		7F4FBAE321658FEB00F509DE /* Scenes */ = {
			isa = PBXGroup;
			children = (
				7F3C8E2A21684DB4001BE061 /* Root Scene */,
				7F3C8E2B21684DC0001BE061 /* Learning Scene */,
				7F3C8E2C21684DD7001BE061 /* Predicting Scene */,
			);
			path = Scenes;
			sourceTree = "<group>";
		};
		7F4FBAE521658FEB00F509DE /* Neural Network */ = {
			isa = PBXGroup;
			children = (
				7F708845216DC2470067ABED /* Network.swift */,
				7F4FBAE721658FEB00F509DE /* NeuralNetwork.swift */,
				7F4FBAE621658FEB00F509DE /* Layer.swift */,
				7F3F32AE216A323B00983B59 /* Storage.swift */,
				7F3F32B0216A6B0900983B59 /* layers.xml */,
				7F4FBAE221658FEB00F509DE /* ActivationFunction.swift */,
			);
			path = "Neural Network";
			sourceTree = "<group>";
		};
		7F51C2C32174A5C100DC51EA /* CleverBoardTests */ = {
			isa = PBXGroup;
			children = (
				7F51C2CC2174A94D00DC51EA /* TestPredicting.swift */,
				7F51C2C42174A5C100DC51EA /* CleverBoardTests.swift */,
				7F51C2C62174A5C100DC51EA /* Info.plist */,
			);
			path = CleverBoardTests;
			sourceTree = "<group>";
		};
		7F83F00D2169C07300C03329 /* Model */ = {
			isa = PBXGroup;
			children = (
				7F83F00E2169C09000C03329 /* ModelWorker.swift */,
			);
			path = Model;
			sourceTree = "<group>";
		};
/* End PBXGroup section */

/* Begin PBXNativeTarget section */
		7F4FBABD21658F2900F509DE /* CleverBoard */ = {
			isa = PBXNativeTarget;
			buildConfigurationList = 7F4FBAD021658F2C00F509DE /* Build configuration list for PBXNativeTarget "CleverBoard" */;
			buildPhases = (
				136CD10A82168BA13425E642 /* [CP] Check Pods Manifest.lock */,
				7F4FBABA21658F2900F509DE /* Sources */,
				7F4FBABB21658F2900F509DE /* Frameworks */,
				7F4FBABC21658F2900F509DE /* Resources */,
				5B88A57DE8E1B3B2C507201D /* [CP] Embed Pods Frameworks */,
			);
			buildRules = (
			);
			dependencies = (
			);
			name = CleverBoard;
			productName = EmojiIntelligence;
			productReference = 7F4FBABE21658F2900F509DE /* CleverBoard.app */;
			productType = "com.apple.product-type.application";
		};
		7F51C2C12174A5C100DC51EA /* CleverBoardTests */ = {
			isa = PBXNativeTarget;
			buildConfigurationList = 7F51C2CB2174A5C100DC51EA /* Build configuration list for PBXNativeTarget "CleverBoardTests" */;
			buildPhases = (
				7F51C2BE2174A5C100DC51EA /* Sources */,
				7F51C2BF2174A5C100DC51EA /* Frameworks */,
				7F51C2C02174A5C100DC51EA /* Resources */,
			);
			buildRules = (
			);
			dependencies = (
				7F51C2C82174A5C100DC51EA /* PBXTargetDependency */,
			);
			name = CleverBoardTests;
			productName = CleverBoardTests;
			productReference = 7F51C2C22174A5C100DC51EA /* CleverBoardTests.xctest */;
			productType = "com.apple.product-type.bundle.unit-test";
		};
/* End PBXNativeTarget section */

/* Begin PBXProject section */
		7F4FBAB621658F2900F509DE /* Project object */ = {
			isa = PBXProject;
			attributes = {
				LastSwiftUpdateCheck = 1000;
				LastUpgradeCheck = 1000;
				ORGANIZATIONNAME = "Сергей Кротких";
				TargetAttributes = {
					7F4FBABD21658F2900F509DE = {
						CreatedOnToolsVersion = 10.0;
					};
					7F51C2C12174A5C100DC51EA = {
						CreatedOnToolsVersion = 10.0;
						TestTargetID = 7F4FBABD21658F2900F509DE;
					};
				};
			};
			buildConfigurationList = 7F4FBAB921658F2900F509DE /* Build configuration list for PBXProject "CleverBoard" */;
			compatibilityVersion = "Xcode 9.3";
			developmentRegion = en;
			hasScannedForEncodings = 0;
			knownRegions = (
				en,
				Base,
			);
			mainGroup = 7F4FBAB521658F2900F509DE;
			productRefGroup = 7F4FBABF21658F2900F509DE /* Products */;
			projectDirPath = "";
			projectRoot = "";
			targets = (
				7F4FBABD21658F2900F509DE /* CleverBoard */,
				7F51C2C12174A5C100DC51EA /* CleverBoardTests */,
			);
		};
/* End PBXProject section */

/* Begin PBXResourcesBuildPhase section */
		7F4FBABC21658F2900F509DE /* Resources */ = {
			isa = PBXResourcesBuildPhase;
			buildActionMask = 2147483647;
			files = (
				7F3C8E2721684A0C001BE061 /* README.md in Resources */,
				7F4FBACC21658F2C00F509DE /* LaunchScreen.storyboard in Resources */,
				7F4FBAF021658FEB00F509DE /* wrong.wav in Resources */,
				7F3F32B1216A6B0900983B59 /* layers.xml in Resources */,
				7F4FBAEC21658FEB00F509DE /* correct.wav in Resources */,
				7F4FBAC921658F2C00F509DE /* Assets.xcassets in Resources */,
				7F4FBAC721658F2A00F509DE /* Main.storyboard in Resources */,
				7F361B1B216B21620052186F /* LearningToolBar.xib in Resources */,
			);
			runOnlyForDeploymentPostprocessing = 0;
		};
		7F51C2C02174A5C100DC51EA /* Resources */ = {
			isa = PBXResourcesBuildPhase;
			buildActionMask = 2147483647;
			files = (
			);
			runOnlyForDeploymentPostprocessing = 0;
		};
/* End PBXResourcesBuildPhase section */

/* Begin PBXShellScriptBuildPhase section */
		136CD10A82168BA13425E642 /* [CP] Check Pods Manifest.lock */ = {
			isa = PBXShellScriptBuildPhase;
			buildActionMask = 2147483647;
			files = (
			);
			inputPaths = (
				"${PODS_PODFILE_DIR_PATH}/Podfile.lock",
				"${PODS_ROOT}/Manifest.lock",
			);
			name = "[CP] Check Pods Manifest.lock";
			outputPaths = (
				"$(DERIVED_FILE_DIR)/Pods-CleverBoard-checkManifestLockResult.txt",
			);
			runOnlyForDeploymentPostprocessing = 0;
			shellPath = /bin/sh;
			shellScript = "diff \"${PODS_PODFILE_DIR_PATH}/Podfile.lock\" \"${PODS_ROOT}/Manifest.lock\" > /dev/null\nif [ $? != 0 ] ; then\n    # print error to STDERR\n    echo \"error: The sandbox is not in sync with the Podfile.lock. Run 'pod install' or update your CocoaPods installation.\" >&2\n    exit 1\nfi\n# This output is used by Xcode 'outputs' to avoid re-running this script phase.\necho \"SUCCESS\" > \"${SCRIPT_OUTPUT_FILE_0}\"\n";
			showEnvVarsInLog = 0;
		};
		5B88A57DE8E1B3B2C507201D /* [CP] Embed Pods Frameworks */ = {
			isa = PBXShellScriptBuildPhase;
			buildActionMask = 2147483647;
			files = (
			);
			inputPaths = (
				"${SRCROOT}/Pods/Target Support Files/Pods-CleverBoard/Pods-CleverBoard-frameworks.sh",
				"${BUILT_PRODUCTS_DIR}/RxCocoa/RxCocoa.framework",
				"${BUILT_PRODUCTS_DIR}/RxSwift/RxSwift.framework",
			);
			name = "[CP] Embed Pods Frameworks";
			outputPaths = (
				"${TARGET_BUILD_DIR}/${FRAMEWORKS_FOLDER_PATH}/RxCocoa.framework",
				"${TARGET_BUILD_DIR}/${FRAMEWORKS_FOLDER_PATH}/RxSwift.framework",
			);
			runOnlyForDeploymentPostprocessing = 0;
			shellPath = /bin/sh;
			shellScript = "\"${SRCROOT}/Pods/Target Support Files/Pods-CleverBoard/Pods-CleverBoard-frameworks.sh\"\n";
			showEnvVarsInLog = 0;
		};
/* End PBXShellScriptBuildPhase section */

/* Begin PBXSourcesBuildPhase section */
		7F4FBABA21658F2900F509DE /* Sources */ = {
			isa = PBXSourcesBuildPhase;
			buildActionMask = 2147483647;
			files = (
				7F42817C216CCCF900BD5BA3 /* UIImage+Save.swift in Sources */,
				7F4FBAEA21658FEB00F509DE /* Extension.swift in Sources */,
				7F42817E216D096900BD5BA3 /* Log.swift in Sources */,
				7F3C8E3021684E71001BE061 /* LearningViewController.swift in Sources */,
				7F3C8E3221684E84001BE061 /* PredictingViewController.swift in Sources */,
				7F361B19216B20F80052186F /* LearningToolBar.swift in Sources */,
				7F3C8E2E21684E4C001BE061 /* RootViewController.swift in Sources */,
				7F4FBAF221658FEB00F509DE /* ActivationFunction.swift in Sources */,
				7F4FBAC221658F2A00F509DE /* AppDelegate.swift in Sources */,
				7F4FBAF421658FEB00F509DE /* Layer.swift in Sources */,
				7F708848216DC2470067ABED /* Network.swift in Sources */,
				7F4FBAF521658FEB00F509DE /* NeuralNetwork.swift in Sources */,
				7F4FBAEB21658FEB00F509DE /* ImageProcessor.swift in Sources */,
				7F83F00F2169C09000C03329 /* ModelWorker.swift in Sources */,
				7F4FBAE821658FEB00F509DE /* DrawView.swift in Sources */,
				7F708847216DC2470067ABED /* Matrix.swift in Sources */,
				7F3C8E3621687545001BE061 /* PredictingViewModel.swift in Sources */,
				7F3C8E3421687533001BE061 /* LearningViewModel.swift in Sources */,
				7F4CEEF02166633800A3DDD8 /* Constants.swift in Sources */,
				7F3F32AF216A323B00983B59 /* Storage.swift in Sources */,
				7F708849216DC2470067ABED /* Double+Additions.swift in Sources */,
			);
			runOnlyForDeploymentPostprocessing = 0;
		};
		7F51C2BE2174A5C100DC51EA /* Sources */ = {
			isa = PBXSourcesBuildPhase;
			buildActionMask = 2147483647;
			files = (
				7F51C2CD2174A94D00DC51EA /* TestPredicting.swift in Sources */,
				7F51C2C52174A5C100DC51EA /* CleverBoardTests.swift in Sources */,
			);
			runOnlyForDeploymentPostprocessing = 0;
		};
/* End PBXSourcesBuildPhase section */

/* Begin PBXTargetDependency section */
		7F51C2C82174A5C100DC51EA /* PBXTargetDependency */ = {
			isa = PBXTargetDependency;
			target = 7F4FBABD21658F2900F509DE /* CleverBoard */;
			targetProxy = 7F51C2C72174A5C100DC51EA /* PBXContainerItemProxy */;
		};
/* End PBXTargetDependency section */

/* Begin PBXVariantGroup section */
		7F4FBAC521658F2A00F509DE /* Main.storyboard */ = {
			isa = PBXVariantGroup;
			children = (
				7F4FBAC621658F2A00F509DE /* Base */,
			);
			name = Main.storyboard;
			sourceTree = "<group>";
		};
		7F4FBACA21658F2C00F509DE /* LaunchScreen.storyboard */ = {
			isa = PBXVariantGroup;
			children = (
				7F4FBACB21658F2C00F509DE /* Base */,
			);
			name = LaunchScreen.storyboard;
			sourceTree = "<group>";
		};
/* End PBXVariantGroup section */

/* Begin XCBuildConfiguration section */
		7F4FBACE21658F2C00F509DE /* Debug */ = {
			isa = XCBuildConfiguration;
			buildSettings = {
				ALWAYS_SEARCH_USER_PATHS = NO;
				CLANG_ANALYZER_NONNULL = YES;
				CLANG_ANALYZER_NUMBER_OBJECT_CONVERSION = YES_AGGRESSIVE;
				CLANG_CXX_LANGUAGE_STANDARD = "gnu++14";
				CLANG_CXX_LIBRARY = "libc++";
				CLANG_ENABLE_MODULES = YES;
				CLANG_ENABLE_OBJC_ARC = YES;
				CLANG_ENABLE_OBJC_WEAK = YES;
				CLANG_WARN_BLOCK_CAPTURE_AUTORELEASING = YES;
				CLANG_WARN_BOOL_CONVERSION = YES;
				CLANG_WARN_COMMA = YES;
				CLANG_WARN_CONSTANT_CONVERSION = YES;
				CLANG_WARN_DEPRECATED_OBJC_IMPLEMENTATIONS = YES;
				CLANG_WARN_DIRECT_OBJC_ISA_USAGE = YES_ERROR;
				CLANG_WARN_DOCUMENTATION_COMMENTS = YES;
				CLANG_WARN_EMPTY_BODY = YES;
				CLANG_WARN_ENUM_CONVERSION = YES;
				CLANG_WARN_INFINITE_RECURSION = YES;
				CLANG_WARN_INT_CONVERSION = YES;
				CLANG_WARN_NON_LITERAL_NULL_CONVERSION = YES;
				CLANG_WARN_OBJC_IMPLICIT_RETAIN_SELF = YES;
				CLANG_WARN_OBJC_LITERAL_CONVERSION = YES;
				CLANG_WARN_OBJC_ROOT_CLASS = YES_ERROR;
				CLANG_WARN_RANGE_LOOP_ANALYSIS = YES;
				CLANG_WARN_STRICT_PROTOTYPES = YES;
				CLANG_WARN_SUSPICIOUS_MOVE = YES;
				CLANG_WARN_UNGUARDED_AVAILABILITY = YES_AGGRESSIVE;
				CLANG_WARN_UNREACHABLE_CODE = YES;
				CLANG_WARN__DUPLICATE_METHOD_MATCH = YES;
				CODE_SIGN_IDENTITY = "iPhone Developer";
				COPY_PHASE_STRIP = NO;
				DEBUG_INFORMATION_FORMAT = dwarf;
				ENABLE_STRICT_OBJC_MSGSEND = YES;
				ENABLE_TESTABILITY = YES;
				GCC_C_LANGUAGE_STANDARD = gnu11;
				GCC_DYNAMIC_NO_PIC = NO;
				GCC_NO_COMMON_BLOCKS = YES;
				GCC_OPTIMIZATION_LEVEL = 0;
				GCC_PREPROCESSOR_DEFINITIONS = (
					"DEBUG=1",
					"$(inherited)",
				);
				GCC_WARN_64_TO_32_BIT_CONVERSION = YES;
				GCC_WARN_ABOUT_RETURN_TYPE = YES_ERROR;
				GCC_WARN_UNDECLARED_SELECTOR = YES;
				GCC_WARN_UNINITIALIZED_AUTOS = YES_AGGRESSIVE;
				GCC_WARN_UNUSED_FUNCTION = YES;
				GCC_WARN_UNUSED_VARIABLE = YES;
				IPHONEOS_DEPLOYMENT_TARGET = 11.0;
				MTL_ENABLE_DEBUG_INFO = INCLUDE_SOURCE;
				MTL_FAST_MATH = YES;
				ONLY_ACTIVE_ARCH = YES;
				SDKROOT = iphoneos;
				SWIFT_ACTIVE_COMPILATION_CONDITIONS = DEBUG;
				SWIFT_OPTIMIZATION_LEVEL = "-Onone";
			};
			name = Debug;
		};
		7F4FBACF21658F2C00F509DE /* Release */ = {
			isa = XCBuildConfiguration;
			buildSettings = {
				ALWAYS_SEARCH_USER_PATHS = NO;
				CLANG_ANALYZER_NONNULL = YES;
				CLANG_ANALYZER_NUMBER_OBJECT_CONVERSION = YES_AGGRESSIVE;
				CLANG_CXX_LANGUAGE_STANDARD = "gnu++14";
				CLANG_CXX_LIBRARY = "libc++";
				CLANG_ENABLE_MODULES = YES;
				CLANG_ENABLE_OBJC_ARC = YES;
				CLANG_ENABLE_OBJC_WEAK = YES;
				CLANG_WARN_BLOCK_CAPTURE_AUTORELEASING = YES;
				CLANG_WARN_BOOL_CONVERSION = YES;
				CLANG_WARN_COMMA = YES;
				CLANG_WARN_CONSTANT_CONVERSION = YES;
				CLANG_WARN_DEPRECATED_OBJC_IMPLEMENTATIONS = YES;
				CLANG_WARN_DIRECT_OBJC_ISA_USAGE = YES_ERROR;
				CLANG_WARN_DOCUMENTATION_COMMENTS = YES;
				CLANG_WARN_EMPTY_BODY = YES;
				CLANG_WARN_ENUM_CONVERSION = YES;
				CLANG_WARN_INFINITE_RECURSION = YES;
				CLANG_WARN_INT_CONVERSION = YES;
				CLANG_WARN_NON_LITERAL_NULL_CONVERSION = YES;
				CLANG_WARN_OBJC_IMPLICIT_RETAIN_SELF = YES;
				CLANG_WARN_OBJC_LITERAL_CONVERSION = YES;
				CLANG_WARN_OBJC_ROOT_CLASS = YES_ERROR;
				CLANG_WARN_RANGE_LOOP_ANALYSIS = YES;
				CLANG_WARN_STRICT_PROTOTYPES = YES;
				CLANG_WARN_SUSPICIOUS_MOVE = YES;
				CLANG_WARN_UNGUARDED_AVAILABILITY = YES_AGGRESSIVE;
				CLANG_WARN_UNREACHABLE_CODE = YES;
				CLANG_WARN__DUPLICATE_METHOD_MATCH = YES;
				CODE_SIGN_IDENTITY = "iPhone Developer";
				COPY_PHASE_STRIP = NO;
				DEBUG_INFORMATION_FORMAT = "dwarf-with-dsym";
				ENABLE_NS_ASSERTIONS = NO;
				ENABLE_STRICT_OBJC_MSGSEND = YES;
				GCC_C_LANGUAGE_STANDARD = gnu11;
				GCC_NO_COMMON_BLOCKS = YES;
				GCC_WARN_64_TO_32_BIT_CONVERSION = YES;
				GCC_WARN_ABOUT_RETURN_TYPE = YES_ERROR;
				GCC_WARN_UNDECLARED_SELECTOR = YES;
				GCC_WARN_UNINITIALIZED_AUTOS = YES_AGGRESSIVE;
				GCC_WARN_UNUSED_FUNCTION = YES;
				GCC_WARN_UNUSED_VARIABLE = YES;
				IPHONEOS_DEPLOYMENT_TARGET = 11.0;
				MTL_ENABLE_DEBUG_INFO = NO;
				MTL_FAST_MATH = YES;
				SDKROOT = iphoneos;
				SWIFT_COMPILATION_MODE = wholemodule;
				SWIFT_OPTIMIZATION_LEVEL = "-O";
				VALIDATE_PRODUCT = YES;
			};
			name = Release;
		};
		7F4FBAD121658F2C00F509DE /* Debug */ = {
			isa = XCBuildConfiguration;
			baseConfigurationReference = 976399412020967229651B29 /* Pods-CleverBoard.debug.xcconfig */;
			buildSettings = {
				ASSETCATALOG_COMPILER_APPICON_NAME = AppIcon;
				CODE_SIGN_STYLE = Automatic;
				DEVELOPMENT_TEAM = N5B5T39W8Y;
				INFOPLIST_FILE = "$(SRCROOT)/CleverBoard/Info.plist";
				IPHONEOS_DEPLOYMENT_TARGET = 11.0;
				LD_RUNPATH_SEARCH_PATHS = (
					"$(inherited)",
					"@executable_path/Frameworks",
				);
				PRODUCT_BUNDLE_IDENTIFIER = com.skdevappleid.CleverBoard;
				PRODUCT_NAME = "$(TARGET_NAME)";
				SWIFT_VERSION = 4.2;
				TARGETED_DEVICE_FAMILY = "1,2";
			};
			name = Debug;
		};
		7F4FBAD221658F2C00F509DE /* Release */ = {
			isa = XCBuildConfiguration;
			baseConfigurationReference = 0E27459DE002765ABA2B0272 /* Pods-CleverBoard.release.xcconfig */;
			buildSettings = {
				ASSETCATALOG_COMPILER_APPICON_NAME = AppIcon;
				CODE_SIGN_STYLE = Automatic;
				DEVELOPMENT_TEAM = N5B5T39W8Y;
				INFOPLIST_FILE = "$(SRCROOT)/CleverBoard/Info.plist";
				IPHONEOS_DEPLOYMENT_TARGET = 11.0;
				LD_RUNPATH_SEARCH_PATHS = (
					"$(inherited)",
					"@executable_path/Frameworks",
				);
				PRODUCT_BUNDLE_IDENTIFIER = com.skdevappleid.CleverBoard;
				PRODUCT_NAME = "$(TARGET_NAME)";
				SWIFT_VERSION = 4.2;
				TARGETED_DEVICE_FAMILY = "1,2";
			};
			name = Release;
		};
		7F51C2C92174A5C100DC51EA /* Debug */ = {
			isa = XCBuildConfiguration;
			buildSettings = {
				BUNDLE_LOADER = "$(TEST_HOST)";
				CODE_SIGN_STYLE = Automatic;
				DEVELOPMENT_TEAM = N5B5T39W8Y;
				INFOPLIST_FILE = CleverBoardTests/Info.plist;
				IPHONEOS_DEPLOYMENT_TARGET = 12.0;
				LD_RUNPATH_SEARCH_PATHS = (
					"$(inherited)",
					"@executable_path/Frameworks",
					"@loader_path/Frameworks",
				);
				PRODUCT_BUNDLE_IDENTIFIER = com.skdevappleid.CleverBoardTests;
				PRODUCT_NAME = "$(TARGET_NAME)";
				SWIFT_VERSION = 4.2;
				TARGETED_DEVICE_FAMILY = "1,2";
				TEST_HOST = "$(BUILT_PRODUCTS_DIR)/CleverBoard.app/CleverBoard";
			};
			name = Debug;
		};
		7F51C2CA2174A5C100DC51EA /* Release */ = {
			isa = XCBuildConfiguration;
			buildSettings = {
				BUNDLE_LOADER = "$(TEST_HOST)";
				CODE_SIGN_STYLE = Automatic;
				DEVELOPMENT_TEAM = N5B5T39W8Y;
				INFOPLIST_FILE = CleverBoardTests/Info.plist;
				IPHONEOS_DEPLOYMENT_TARGET = 12.0;
				LD_RUNPATH_SEARCH_PATHS = (
					"$(inherited)",
					"@executable_path/Frameworks",
					"@loader_path/Frameworks",
				);
				PRODUCT_BUNDLE_IDENTIFIER = com.skdevappleid.CleverBoardTests;
				PRODUCT_NAME = "$(TARGET_NAME)";
				SWIFT_VERSION = 4.2;
				TARGETED_DEVICE_FAMILY = "1,2";
				TEST_HOST = "$(BUILT_PRODUCTS_DIR)/CleverBoard.app/CleverBoard";
			};
			name = Release;
		};
/* End XCBuildConfiguration section */

/* Begin XCConfigurationList section */
		7F4FBAB921658F2900F509DE /* Build configuration list for PBXProject "CleverBoard" */ = {
			isa = XCConfigurationList;
			buildConfigurations = (
				7F4FBACE21658F2C00F509DE /* Debug */,
				7F4FBACF21658F2C00F509DE /* Release */,
			);
			defaultConfigurationIsVisible = 0;
			defaultConfigurationName = Release;
		};
		7F4FBAD021658F2C00F509DE /* Build configuration list for PBXNativeTarget "CleverBoard" */ = {
			isa = XCConfigurationList;
			buildConfigurations = (
				7F4FBAD121658F2C00F509DE /* Debug */,
				7F4FBAD221658F2C00F509DE /* Release */,
			);
			defaultConfigurationIsVisible = 0;
			defaultConfigurationName = Release;
		};
		7F51C2CB2174A5C100DC51EA /* Build configuration list for PBXNativeTarget "CleverBoardTests" */ = {
			isa = XCConfigurationList;
			buildConfigurations = (
				7F51C2C92174A5C100DC51EA /* Debug */,
				7F51C2CA2174A5C100DC51EA /* Release */,
			);
			defaultConfigurationIsVisible = 0;
			defaultConfigurationName = Release;
		};
/* End XCConfigurationList section */
	};
	rootObject = 7F4FBAB621658F2900F509DE /* Project object */;
}
